// !$*UTF8*$!
{
	archiveVersion = 1;
	classes = {
	};
	objectVersion = 50;
	objects = {

/* Begin PBXBuildFile section */
		6500D51AB406BDFAB7319B6C /* Pods_github_trends.framework in Frameworks */ = {isa = PBXBuildFile; fileRef = 7967EC531C9103E6F37BDB88 /* Pods_github_trends.framework */; };
		6DB1D4F081000E6C2E7CBF32 /* Pods_github_trendsTests.framework in Frameworks */ = {isa = PBXBuildFile; fileRef = 643457243567362FE42BF029 /* Pods_github_trendsTests.framework */; };
		842C4B4524B2116000DBED37 /* GithubRepository.swift in Sources */ = {isa = PBXBuildFile; fileRef = 842C4B4424B2116000DBED37 /* GithubRepository.swift */; };
		842C4B4724B211C700DBED37 /* TestRepository.swift in Sources */ = {isa = PBXBuildFile; fileRef = 842C4B4624B211C700DBED37 /* TestRepository.swift */; };
		842C4B4A24B2129400DBED37 /* RepositoryProtocol.swift in Sources */ = {isa = PBXBuildFile; fileRef = 842C4B4924B2129400DBED37 /* RepositoryProtocol.swift */; };
		842C4B4C24B22E0B00DBED37 /* Dynamic.swift in Sources */ = {isa = PBXBuildFile; fileRef = 842C4B4B24B22E0B00DBED37 /* Dynamic.swift */; };
		846DB81624B1C35700FBE9EA /* AppDelegate.swift in Sources */ = {isa = PBXBuildFile; fileRef = 846DB81524B1C35700FBE9EA /* AppDelegate.swift */; };
		846DB81824B1C35700FBE9EA /* SceneDelegate.swift in Sources */ = {isa = PBXBuildFile; fileRef = 846DB81724B1C35700FBE9EA /* SceneDelegate.swift */; };
		846DB82224B1C35900FBE9EA /* Assets.xcassets in Resources */ = {isa = PBXBuildFile; fileRef = 846DB82124B1C35900FBE9EA /* Assets.xcassets */; };
		846DB82524B1C35900FBE9EA /* LaunchScreen.storyboard in Resources */ = {isa = PBXBuildFile; fileRef = 846DB82324B1C35900FBE9EA /* LaunchScreen.storyboard */; };
		846DB83024B1C35900FBE9EA /* github_trendsTests.swift in Sources */ = {isa = PBXBuildFile; fileRef = 846DB82F24B1C35900FBE9EA /* github_trendsTests.swift */; };
		846DB83B24B1CA8800FBE9EA /* RepositoryCell.xib in Resources */ = {isa = PBXBuildFile; fileRef = 846DB83A24B1CA8800FBE9EA /* RepositoryCell.xib */; };
		846DB83D24B1E92300FBE9EA /* RepoChartsViewController.swift in Sources */ = {isa = PBXBuildFile; fileRef = 846DB83C24B1E92300FBE9EA /* RepoChartsViewController.swift */; };
		846DB84124B1F58D00FBE9EA /* RepositoryCell.swift in Sources */ = {isa = PBXBuildFile; fileRef = 846DB84024B1F58D00FBE9EA /* RepositoryCell.swift */; };
		846DB84924B207DC00FBE9EA /* RepositoryModel.swift in Sources */ = {isa = PBXBuildFile; fileRef = 846DB84824B207DC00FBE9EA /* RepositoryModel.swift */; };
		846DB84B24B20B5A00FBE9EA /* RepositoryViewModel.swift in Sources */ = {isa = PBXBuildFile; fileRef = 846DB84A24B20B5A00FBE9EA /* RepositoryViewModel.swift */; };
		846DB84D24B20D8400FBE9EA /* RepositoryViewModelProtocol.swift in Sources */ = {isa = PBXBuildFile; fileRef = 846DB84C24B20D8400FBE9EA /* RepositoryViewModelProtocol.swift */; };
/* End PBXBuildFile section */

/* Begin PBXContainerItemProxy section */
		846DB82C24B1C35900FBE9EA /* PBXContainerItemProxy */ = {
			isa = PBXContainerItemProxy;
			containerPortal = 846DB80A24B1C35700FBE9EA /* Project object */;
			proxyType = 1;
			remoteGlobalIDString = 846DB81124B1C35700FBE9EA;
			remoteInfo = "github trends";
		};
/* End PBXContainerItemProxy section */

/* Begin PBXFileReference section */
		30D24E6B5D395CA52AB9D2AD /* Pods-github trends.release.xcconfig */ = {isa = PBXFileReference; includeInIndex = 1; lastKnownFileType = text.xcconfig; name = "Pods-github trends.release.xcconfig"; path = "Target Support Files/Pods-github trends/Pods-github trends.release.xcconfig"; sourceTree = "<group>"; };
		52D2DF706842704334E96922 /* Pods-github trends.debug.xcconfig */ = {isa = PBXFileReference; includeInIndex = 1; lastKnownFileType = text.xcconfig; name = "Pods-github trends.debug.xcconfig"; path = "Target Support Files/Pods-github trends/Pods-github trends.debug.xcconfig"; sourceTree = "<group>"; };
		5EE731ADBC2ECA2BB2C5A9D3 /* Pods-github trendsTests.release.xcconfig */ = {isa = PBXFileReference; includeInIndex = 1; lastKnownFileType = text.xcconfig; name = "Pods-github trendsTests.release.xcconfig"; path = "Target Support Files/Pods-github trendsTests/Pods-github trendsTests.release.xcconfig"; sourceTree = "<group>"; };
		643457243567362FE42BF029 /* Pods_github_trendsTests.framework */ = {isa = PBXFileReference; explicitFileType = wrapper.framework; includeInIndex = 0; path = Pods_github_trendsTests.framework; sourceTree = BUILT_PRODUCTS_DIR; };
		7967EC531C9103E6F37BDB88 /* Pods_github_trends.framework */ = {isa = PBXFileReference; explicitFileType = wrapper.framework; includeInIndex = 0; path = Pods_github_trends.framework; sourceTree = BUILT_PRODUCTS_DIR; };
		842C4B4424B2116000DBED37 /* GithubRepository.swift */ = {isa = PBXFileReference; lastKnownFileType = sourcecode.swift; path = GithubRepository.swift; sourceTree = "<group>"; };
		842C4B4624B211C700DBED37 /* TestRepository.swift */ = {isa = PBXFileReference; lastKnownFileType = sourcecode.swift; path = TestRepository.swift; sourceTree = "<group>"; };
		842C4B4924B2129400DBED37 /* RepositoryProtocol.swift */ = {isa = PBXFileReference; lastKnownFileType = sourcecode.swift; path = RepositoryProtocol.swift; sourceTree = "<group>"; };
		842C4B4B24B22E0B00DBED37 /* Dynamic.swift */ = {isa = PBXFileReference; lastKnownFileType = sourcecode.swift; path = Dynamic.swift; sourceTree = "<group>"; };
		846DB81224B1C35700FBE9EA /* github trends.app */ = {isa = PBXFileReference; explicitFileType = wrapper.application; includeInIndex = 0; path = "github trends.app"; sourceTree = BUILT_PRODUCTS_DIR; };
		846DB81524B1C35700FBE9EA /* AppDelegate.swift */ = {isa = PBXFileReference; lastKnownFileType = sourcecode.swift; path = AppDelegate.swift; sourceTree = "<group>"; };
		846DB81724B1C35700FBE9EA /* SceneDelegate.swift */ = {isa = PBXFileReference; lastKnownFileType = sourcecode.swift; path = SceneDelegate.swift; sourceTree = "<group>"; };
		846DB82124B1C35900FBE9EA /* Assets.xcassets */ = {isa = PBXFileReference; lastKnownFileType = folder.assetcatalog; path = Assets.xcassets; sourceTree = "<group>"; };
		846DB82424B1C35900FBE9EA /* Base */ = {isa = PBXFileReference; lastKnownFileType = file.storyboard; name = Base; path = Base.lproj/LaunchScreen.storyboard; sourceTree = "<group>"; };
		846DB82624B1C35900FBE9EA /* Info.plist */ = {isa = PBXFileReference; lastKnownFileType = text.plist.xml; path = Info.plist; sourceTree = "<group>"; };
		846DB82B24B1C35900FBE9EA /* github trendsTests.xctest */ = {isa = PBXFileReference; explicitFileType = wrapper.cfbundle; includeInIndex = 0; path = "github trendsTests.xctest"; sourceTree = BUILT_PRODUCTS_DIR; };
		846DB82F24B1C35900FBE9EA /* github_trendsTests.swift */ = {isa = PBXFileReference; lastKnownFileType = sourcecode.swift; path = github_trendsTests.swift; sourceTree = "<group>"; };
		846DB83124B1C35900FBE9EA /* Info.plist */ = {isa = PBXFileReference; lastKnownFileType = text.plist.xml; path = Info.plist; sourceTree = "<group>"; };
		846DB83A24B1CA8800FBE9EA /* RepositoryCell.xib */ = {isa = PBXFileReference; lastKnownFileType = file.xib; path = RepositoryCell.xib; sourceTree = "<group>"; };
		846DB83C24B1E92300FBE9EA /* RepoChartsViewController.swift */ = {isa = PBXFileReference; lastKnownFileType = sourcecode.swift; path = RepoChartsViewController.swift; sourceTree = "<group>"; };
		846DB84024B1F58D00FBE9EA /* RepositoryCell.swift */ = {isa = PBXFileReference; lastKnownFileType = sourcecode.swift; path = RepositoryCell.swift; sourceTree = "<group>"; };
		846DB84824B207DC00FBE9EA /* RepositoryModel.swift */ = {isa = PBXFileReference; lastKnownFileType = sourcecode.swift; path = RepositoryModel.swift; sourceTree = "<group>"; };
		846DB84A24B20B5A00FBE9EA /* RepositoryViewModel.swift */ = {isa = PBXFileReference; lastKnownFileType = sourcecode.swift; path = RepositoryViewModel.swift; sourceTree = "<group>"; };
		846DB84C24B20D8400FBE9EA /* RepositoryViewModelProtocol.swift */ = {isa = PBXFileReference; lastKnownFileType = sourcecode.swift; path = RepositoryViewModelProtocol.swift; sourceTree = "<group>"; };
		BC71A1757C11A50DD269212A /* Pods-github trendsTests.debug.xcconfig */ = {isa = PBXFileReference; includeInIndex = 1; lastKnownFileType = text.xcconfig; name = "Pods-github trendsTests.debug.xcconfig"; path = "Target Support Files/Pods-github trendsTests/Pods-github trendsTests.debug.xcconfig"; sourceTree = "<group>"; };
/* End PBXFileReference section */

/* Begin PBXFrameworksBuildPhase section */
		846DB80F24B1C35700FBE9EA /* Frameworks */ = {
			isa = PBXFrameworksBuildPhase;
			buildActionMask = 2147483647;
			files = (
				6500D51AB406BDFAB7319B6C /* Pods_github_trends.framework in Frameworks */,
			);
			runOnlyForDeploymentPostprocessing = 0;
		};
		846DB82824B1C35900FBE9EA /* Frameworks */ = {
			isa = PBXFrameworksBuildPhase;
			buildActionMask = 2147483647;
			files = (
				6DB1D4F081000E6C2E7CBF32 /* Pods_github_trendsTests.framework in Frameworks */,
			);
			runOnlyForDeploymentPostprocessing = 0;
		};
/* End PBXFrameworksBuildPhase section */

/* Begin PBXGroup section */
		3FA584D699152A364446DFDB /* Frameworks */ = {
			isa = PBXGroup;
			children = (
				7967EC531C9103E6F37BDB88 /* Pods_github_trends.framework */,
				643457243567362FE42BF029 /* Pods_github_trendsTests.framework */,
			);
			name = Frameworks;
			sourceTree = "<group>";
		};
		842C4B4824B211CE00DBED37 /* Repositories */ = {
			isa = PBXGroup;
			children = (
				842C4B4424B2116000DBED37 /* GithubRepository.swift */,
				842C4B4624B211C700DBED37 /* TestRepository.swift */,
				842C4B4924B2129400DBED37 /* RepositoryProtocol.swift */,
			);
			path = Repositories;
			sourceTree = "<group>";
		};
		846DB80924B1C35700FBE9EA = {
			isa = PBXGroup;
			children = (
				846DB81424B1C35700FBE9EA /* github trends */,
				846DB82E24B1C35900FBE9EA /* github trendsTests */,
				846DB81324B1C35700FBE9EA /* Products */,
				D15BF8FCD4F64C545BACA58E /* Pods */,
				3FA584D699152A364446DFDB /* Frameworks */,
			);
			sourceTree = "<group>";
		};
		846DB81324B1C35700FBE9EA /* Products */ = {
			isa = PBXGroup;
			children = (
				846DB81224B1C35700FBE9EA /* github trends.app */,
				846DB82B24B1C35900FBE9EA /* github trendsTests.xctest */,
			);
			name = Products;
			sourceTree = "<group>";
		};
		846DB81424B1C35700FBE9EA /* github trends */ = {
			isa = PBXGroup;
			children = (
				846DB84724B205EC00FBE9EA /* Views */,
				846DB84624B2059F00FBE9EA /* Models */,
				846DB84524B2059600FBE9EA /* ViewModels */,
				846DB81524B1C35700FBE9EA /* AppDelegate.swift */,
				846DB81724B1C35700FBE9EA /* SceneDelegate.swift */,
				846DB82124B1C35900FBE9EA /* Assets.xcassets */,
				846DB82324B1C35900FBE9EA /* LaunchScreen.storyboard */,
				846DB82624B1C35900FBE9EA /* Info.plist */,
			);
			path = "github trends";
			sourceTree = "<group>";
		};
		846DB82E24B1C35900FBE9EA /* github trendsTests */ = {
			isa = PBXGroup;
			children = (
				846DB82F24B1C35900FBE9EA /* github_trendsTests.swift */,
				846DB83124B1C35900FBE9EA /* Info.plist */,
			);
			path = "github trendsTests";
			sourceTree = "<group>";
		};
		846DB84424B2058100FBE9EA /* Controllers */ = {
			isa = PBXGroup;
			children = (
				846DB83C24B1E92300FBE9EA /* RepoChartsViewController.swift */,
			);
			path = Controllers;
			sourceTree = "<group>";
		};
		846DB84524B2059600FBE9EA /* ViewModels */ = {
			isa = PBXGroup;
			children = (
				842C4B4824B211CE00DBED37 /* Repositories */,
				846DB84C24B20D8400FBE9EA /* RepositoryViewModelProtocol.swift */,
				846DB84A24B20B5A00FBE9EA /* RepositoryViewModel.swift */,
				842C4B4B24B22E0B00DBED37 /* Dynamic.swift */,
			);
			path = ViewModels;
			sourceTree = "<group>";
		};
		846DB84624B2059F00FBE9EA /* Models */ = {
			isa = PBXGroup;
			children = (
				846DB84824B207DC00FBE9EA /* RepositoryModel.swift */,
			);
			path = Models;
			sourceTree = "<group>";
		};
		846DB84724B205EC00FBE9EA /* Views */ = {
			isa = PBXGroup;
			children = (
				846DB84424B2058100FBE9EA /* Controllers */,
				846DB83A24B1CA8800FBE9EA /* RepositoryCell.xib */,
				846DB84024B1F58D00FBE9EA /* RepositoryCell.swift */,
			);
			path = Views;
			sourceTree = "<group>";
		};
		D15BF8FCD4F64C545BACA58E /* Pods */ = {
			isa = PBXGroup;
			children = (
				52D2DF706842704334E96922 /* Pods-github trends.debug.xcconfig */,
				30D24E6B5D395CA52AB9D2AD /* Pods-github trends.release.xcconfig */,
				BC71A1757C11A50DD269212A /* Pods-github trendsTests.debug.xcconfig */,
				5EE731ADBC2ECA2BB2C5A9D3 /* Pods-github trendsTests.release.xcconfig */,
			);
			name = Pods;
			path = Pods;
			sourceTree = "<group>";
		};
/* End PBXGroup section */

/* Begin PBXNativeTarget section */
		846DB81124B1C35700FBE9EA /* github trends */ = {
			isa = PBXNativeTarget;
			buildConfigurationList = 846DB83424B1C35900FBE9EA /* Build configuration list for PBXNativeTarget "github trends" */;
			buildPhases = (
				54368920E436EC3508E3F279 /* [CP] Check Pods Manifest.lock */,
				846DB80E24B1C35700FBE9EA /* Sources */,
				846DB80F24B1C35700FBE9EA /* Frameworks */,
				846DB81024B1C35700FBE9EA /* Resources */,
				9C7454566D2D2515AE38C73E /* [CP] Embed Pods Frameworks */,
			);
			buildRules = (
			);
			dependencies = (
			);
			name = "github trends";
			productName = "github trends";
			productReference = 846DB81224B1C35700FBE9EA /* github trends.app */;
			productType = "com.apple.product-type.application";
		};
		846DB82A24B1C35900FBE9EA /* github trendsTests */ = {
			isa = PBXNativeTarget;
			buildConfigurationList = 846DB83724B1C35900FBE9EA /* Build configuration list for PBXNativeTarget "github trendsTests" */;
			buildPhases = (
				7210209094B28B883FF95205 /* [CP] Check Pods Manifest.lock */,
				846DB82724B1C35900FBE9EA /* Sources */,
				846DB82824B1C35900FBE9EA /* Frameworks */,
				846DB82924B1C35900FBE9EA /* Resources */,
			);
			buildRules = (
			);
			dependencies = (
				846DB82D24B1C35900FBE9EA /* PBXTargetDependency */,
			);
			name = "github trendsTests";
			productName = "github trendsTests";
			productReference = 846DB82B24B1C35900FBE9EA /* github trendsTests.xctest */;
			productType = "com.apple.product-type.bundle.unit-test";
		};
/* End PBXNativeTarget section */

/* Begin PBXProject section */
		846DB80A24B1C35700FBE9EA /* Project object */ = {
			isa = PBXProject;
			attributes = {
				LastSwiftUpdateCheck = 1130;
				LastUpgradeCheck = 1130;
				ORGANIZATIONNAME = admin;
				TargetAttributes = {
					846DB81124B1C35700FBE9EA = {
						CreatedOnToolsVersion = 11.3;
					};
					846DB82A24B1C35900FBE9EA = {
						CreatedOnToolsVersion = 11.3;
						TestTargetID = 846DB81124B1C35700FBE9EA;
					};
				};
			};
			buildConfigurationList = 846DB80D24B1C35700FBE9EA /* Build configuration list for PBXProject "github trends" */;
			compatibilityVersion = "Xcode 9.3";
			developmentRegion = en;
			hasScannedForEncodings = 0;
			knownRegions = (
				en,
				Base,
			);
			mainGroup = 846DB80924B1C35700FBE9EA;
			productRefGroup = 846DB81324B1C35700FBE9EA /* Products */;
			projectDirPath = "";
			projectRoot = "";
			targets = (
				846DB81124B1C35700FBE9EA /* github trends */,
				846DB82A24B1C35900FBE9EA /* github trendsTests */,
			);
		};
/* End PBXProject section */

/* Begin PBXResourcesBuildPhase section */
		846DB81024B1C35700FBE9EA /* Resources */ = {
			isa = PBXResourcesBuildPhase;
			buildActionMask = 2147483647;
			files = (
				846DB82524B1C35900FBE9EA /* LaunchScreen.storyboard in Resources */,
				846DB82224B1C35900FBE9EA /* Assets.xcassets in Resources */,
				846DB83B24B1CA8800FBE9EA /* RepositoryCell.xib in Resources */,
			);
			runOnlyForDeploymentPostprocessing = 0;
		};
		846DB82924B1C35900FBE9EA /* Resources */ = {
			isa = PBXResourcesBuildPhase;
			buildActionMask = 2147483647;
			files = (
			);
			runOnlyForDeploymentPostprocessing = 0;
		};
/* End PBXResourcesBuildPhase section */

/* Begin PBXShellScriptBuildPhase section */
		54368920E436EC3508E3F279 /* [CP] Check Pods Manifest.lock */ = {
			isa = PBXShellScriptBuildPhase;
			buildActionMask = 2147483647;
			files = (
			);
			inputFileListPaths = (
			);
			inputPaths = (
				"${PODS_PODFILE_DIR_PATH}/Podfile.lock",
				"${PODS_ROOT}/Manifest.lock",
			);
			name = "[CP] Check Pods Manifest.lock";
			outputFileListPaths = (
			);
			outputPaths = (
				"$(DERIVED_FILE_DIR)/Pods-github trends-checkManifestLockResult.txt",
			);
			runOnlyForDeploymentPostprocessing = 0;
			shellPath = /bin/sh;
			shellScript = "diff \"${PODS_PODFILE_DIR_PATH}/Podfile.lock\" \"${PODS_ROOT}/Manifest.lock\" > /dev/null\nif [ $? != 0 ] ; then\n    # print error to STDERR\n    echo \"error: The sandbox is not in sync with the Podfile.lock. Run 'pod install' or update your CocoaPods installation.\" >&2\n    exit 1\nfi\n# This output is used by Xcode 'outputs' to avoid re-running this script phase.\necho \"SUCCESS\" > \"${SCRIPT_OUTPUT_FILE_0}\"\n";
			showEnvVarsInLog = 0;
		};
		7210209094B28B883FF95205 /* [CP] Check Pods Manifest.lock */ = {
			isa = PBXShellScriptBuildPhase;
			buildActionMask = 2147483647;
			files = (
			);
			inputFileListPaths = (
			);
			inputPaths = (
				"${PODS_PODFILE_DIR_PATH}/Podfile.lock",
				"${PODS_ROOT}/Manifest.lock",
			);
			name = "[CP] Check Pods Manifest.lock";
			outputFileListPaths = (
			);
			outputPaths = (
				"$(DERIVED_FILE_DIR)/Pods-github trendsTests-checkManifestLockResult.txt",
			);
			runOnlyForDeploymentPostprocessing = 0;
			shellPath = /bin/sh;
			shellScript = "diff \"${PODS_PODFILE_DIR_PATH}/Podfile.lock\" \"${PODS_ROOT}/Manifest.lock\" > /dev/null\nif [ $? != 0 ] ; then\n    # print error to STDERR\n    echo \"error: The sandbox is not in sync with the Podfile.lock. Run 'pod install' or update your CocoaPods installation.\" >&2\n    exit 1\nfi\n# This output is used by Xcode 'outputs' to avoid re-running this script phase.\necho \"SUCCESS\" > \"${SCRIPT_OUTPUT_FILE_0}\"\n";
			showEnvVarsInLog = 0;
		};
		9C7454566D2D2515AE38C73E /* [CP] Embed Pods Frameworks */ = {
			isa = PBXShellScriptBuildPhase;
			buildActionMask = 2147483647;
			files = (
			);
			inputFileListPaths = (
				"${PODS_ROOT}/Target Support Files/Pods-github trends/Pods-github trends-frameworks-${CONFIGURATION}-input-files.xcfilelist",
			);
			name = "[CP] Embed Pods Frameworks";
			outputFileListPaths = (
				"${PODS_ROOT}/Target Support Files/Pods-github trends/Pods-github trends-frameworks-${CONFIGURATION}-output-files.xcfilelist",
			);
			runOnlyForDeploymentPostprocessing = 0;
			shellPath = /bin/sh;
			shellScript = "\"${PODS_ROOT}/Target Support Files/Pods-github trends/Pods-github trends-frameworks.sh\"\n";
			showEnvVarsInLog = 0;
		};
/* End PBXShellScriptBuildPhase section */

/* Begin PBXSourcesBuildPhase section */
		846DB80E24B1C35700FBE9EA /* Sources */ = {
			isa = PBXSourcesBuildPhase;
			buildActionMask = 2147483647;
			files = (
				842C4B4524B2116000DBED37 /* GithubRepository.swift in Sources */,
				842C4B4724B211C700DBED37 /* TestRepository.swift in Sources */,
				846DB84B24B20B5A00FBE9EA /* RepositoryViewModel.swift in Sources */,
				846DB84124B1F58D00FBE9EA /* RepositoryCell.swift in Sources */,
				842C4B4A24B2129400DBED37 /* RepositoryProtocol.swift in Sources */,
				846DB81624B1C35700FBE9EA /* AppDelegate.swift in Sources */,
				846DB84924B207DC00FBE9EA /* RepositoryModel.swift in Sources */,
				846DB81824B1C35700FBE9EA /* SceneDelegate.swift in Sources */,
				842C4B4C24B22E0B00DBED37 /* Dynamic.swift in Sources */,
				846DB84D24B20D8400FBE9EA /* RepositoryViewModelProtocol.swift in Sources */,
				846DB83D24B1E92300FBE9EA /* RepoChartsViewController.swift in Sources */,
			);
			runOnlyForDeploymentPostprocessing = 0;
		};
		846DB82724B1C35900FBE9EA /* Sources */ = {
			isa = PBXSourcesBuildPhase;
			buildActionMask = 2147483647;
			files = (
				846DB83024B1C35900FBE9EA /* github_trendsTests.swift in Sources */,
			);
			runOnlyForDeploymentPostprocessing = 0;
		};
/* End PBXSourcesBuildPhase section */

/* Begin PBXTargetDependency section */
		846DB82D24B1C35900FBE9EA /* PBXTargetDependency */ = {
			isa = PBXTargetDependency;
			target = 846DB81124B1C35700FBE9EA /* github trends */;
			targetProxy = 846DB82C24B1C35900FBE9EA /* PBXContainerItemProxy */;
		};
/* End PBXTargetDependency section */

/* Begin PBXVariantGroup section */
		846DB82324B1C35900FBE9EA /* LaunchScreen.storyboard */ = {
			isa = PBXVariantGroup;
			children = (
				846DB82424B1C35900FBE9EA /* Base */,
			);
			name = LaunchScreen.storyboard;
			sourceTree = "<group>";
		};
/* End PBXVariantGroup section */

/* Begin XCBuildConfiguration section */
		846DB83224B1C35900FBE9EA /* Debug */ = {
			isa = XCBuildConfiguration;
			buildSettings = {
				ALWAYS_SEARCH_USER_PATHS = NO;
				CLANG_ANALYZER_NONNULL = YES;
				CLANG_ANALYZER_NUMBER_OBJECT_CONVERSION = YES_AGGRESSIVE;
				CLANG_CXX_LANGUAGE_STANDARD = "gnu++14";
				CLANG_CXX_LIBRARY = "libc++";
				CLANG_ENABLE_MODULES = YES;
				CLANG_ENABLE_OBJC_ARC = YES;
				CLANG_ENABLE_OBJC_WEAK = YES;
				CLANG_WARN_BLOCK_CAPTURE_AUTORELEASING = YES;
				CLANG_WARN_BOOL_CONVERSION = YES;
				CLANG_WARN_COMMA = YES;
				CLANG_WARN_CONSTANT_CONVERSION = YES;
				CLANG_WARN_DEPRECATED_OBJC_IMPLEMENTATIONS = YES;
				CLANG_WARN_DIRECT_OBJC_ISA_USAGE = YES_ERROR;
				CLANG_WARN_DOCUMENTATION_COMMENTS = YES;
				CLANG_WARN_EMPTY_BODY = YES;
				CLANG_WARN_ENUM_CONVERSION = YES;
				CLANG_WARN_INFINITE_RECURSION = YES;
				CLANG_WARN_INT_CONVERSION = YES;
				CLANG_WARN_NON_LITERAL_NULL_CONVERSION = YES;
				CLANG_WARN_OBJC_IMPLICIT_RETAIN_SELF = YES;
				CLANG_WARN_OBJC_LITERAL_CONVERSION = YES;
				CLANG_WARN_OBJC_ROOT_CLASS = YES_ERROR;
				CLANG_WARN_RANGE_LOOP_ANALYSIS = YES;
				CLANG_WARN_STRICT_PROTOTYPES = YES;
				CLANG_WARN_SUSPICIOUS_MOVE = YES;
				CLANG_WARN_UNGUARDED_AVAILABILITY = YES_AGGRESSIVE;
				CLANG_WARN_UNREACHABLE_CODE = YES;
				CLANG_WARN__DUPLICATE_METHOD_MATCH = YES;
				COPY_PHASE_STRIP = NO;
				DEBUG_INFORMATION_FORMAT = dwarf;
				ENABLE_STRICT_OBJC_MSGSEND = YES;
				ENABLE_TESTABILITY = YES;
				GCC_C_LANGUAGE_STANDARD = gnu11;
				GCC_DYNAMIC_NO_PIC = NO;
				GCC_NO_COMMON_BLOCKS = YES;
				GCC_OPTIMIZATION_LEVEL = 0;
				GCC_PREPROCESSOR_DEFINITIONS = (
					"DEBUG=1",
					"$(inherited)",
				);
				GCC_WARN_64_TO_32_BIT_CONVERSION = YES;
				GCC_WARN_ABOUT_RETURN_TYPE = YES_ERROR;
				GCC_WARN_UNDECLARED_SELECTOR = YES;
				GCC_WARN_UNINITIALIZED_AUTOS = YES_AGGRESSIVE;
				GCC_WARN_UNUSED_FUNCTION = YES;
				GCC_WARN_UNUSED_VARIABLE = YES;
				IPHONEOS_DEPLOYMENT_TARGET = 13.2;
				MTL_ENABLE_DEBUG_INFO = INCLUDE_SOURCE;
				MTL_FAST_MATH = YES;
				ONLY_ACTIVE_ARCH = YES;
				SDKROOT = iphoneos;
				SWIFT_ACTIVE_COMPILATION_CONDITIONS = DEBUG;
				SWIFT_OPTIMIZATION_LEVEL = "-Onone";
			};
			name = Debug;
		};
		846DB83324B1C35900FBE9EA /* Release */ = {
			isa = XCBuildConfiguration;
			buildSettings = {
				ALWAYS_SEARCH_USER_PATHS = NO;
				CLANG_ANALYZER_NONNULL = YES;
				CLANG_ANALYZER_NUMBER_OBJECT_CONVERSION = YES_AGGRESSIVE;
				CLANG_CXX_LANGUAGE_STANDARD = "gnu++14";
				CLANG_CXX_LIBRARY = "libc++";
				CLANG_ENABLE_MODULES = YES;
				CLANG_ENABLE_OBJC_ARC = YES;
				CLANG_ENABLE_OBJC_WEAK = YES;
				CLANG_WARN_BLOCK_CAPTURE_AUTORELEASING = YES;
				CLANG_WARN_BOOL_CONVERSION = YES;
				CLANG_WARN_COMMA = YES;
				CLANG_WARN_CONSTANT_CONVERSION = YES;
				CLANG_WARN_DEPRECATED_OBJC_IMPLEMENTATIONS = YES;
				CLANG_WARN_DIRECT_OBJC_ISA_USAGE = YES_ERROR;
				CLANG_WARN_DOCUMENTATION_COMMENTS = YES;
				CLANG_WARN_EMPTY_BODY = YES;
				CLANG_WARN_ENUM_CONVERSION = YES;
				CLANG_WARN_INFINITE_RECURSION = YES;
				CLANG_WARN_INT_CONVERSION = YES;
				CLANG_WARN_NON_LITERAL_NULL_CONVERSION = YES;
				CLANG_WARN_OBJC_IMPLICIT_RETAIN_SELF = YES;
				CLANG_WARN_OBJC_LITERAL_CONVERSION = YES;
				CLANG_WARN_OBJC_ROOT_CLASS = YES_ERROR;
				CLANG_WARN_RANGE_LOOP_ANALYSIS = YES;
				CLANG_WARN_STRICT_PROTOTYPES = YES;
				CLANG_WARN_SUSPICIOUS_MOVE = YES;
				CLANG_WARN_UNGUARDED_AVAILABILITY = YES_AGGRESSIVE;
				CLANG_WARN_UNREACHABLE_CODE = YES;
				CLANG_WARN__DUPLICATE_METHOD_MATCH = YES;
				COPY_PHASE_STRIP = NO;
				DEBUG_INFORMATION_FORMAT = "dwarf-with-dsym";
				ENABLE_NS_ASSERTIONS = NO;
				ENABLE_STRICT_OBJC_MSGSEND = YES;
				GCC_C_LANGUAGE_STANDARD = gnu11;
				GCC_NO_COMMON_BLOCKS = YES;
				GCC_WARN_64_TO_32_BIT_CONVERSION = YES;
				GCC_WARN_ABOUT_RETURN_TYPE = YES_ERROR;
				GCC_WARN_UNDECLARED_SELECTOR = YES;
				GCC_WARN_UNINITIALIZED_AUTOS = YES_AGGRESSIVE;
				GCC_WARN_UNUSED_FUNCTION = YES;
				GCC_WARN_UNUSED_VARIABLE = YES;
				IPHONEOS_DEPLOYMENT_TARGET = 13.2;
				MTL_ENABLE_DEBUG_INFO = NO;
				MTL_FAST_MATH = YES;
				SDKROOT = iphoneos;
				SWIFT_COMPILATION_MODE = wholemodule;
				SWIFT_OPTIMIZATION_LEVEL = "-O";
				VALIDATE_PRODUCT = YES;
			};
			name = Release;
		};
		846DB83524B1C35900FBE9EA /* Debug */ = {
			isa = XCBuildConfiguration;
			baseConfigurationReference = 52D2DF706842704334E96922 /* Pods-github trends.debug.xcconfig */;
			buildSettings = {
				ASSETCATALOG_COMPILER_APPICON_NAME = AppIcon;
				CODE_SIGN_STYLE = Automatic;
				DEVELOPMENT_TEAM = VK395NXJ86;
				INFOPLIST_FILE = "github trends/Info.plist";
				IPHONEOS_DEPLOYMENT_TARGET = 13.0;
				LD_RUNPATH_SEARCH_PATHS = (
					"$(inherited)",
					"@executable_path/Frameworks",
				);
				PRODUCT_BUNDLE_IDENTIFIER = "com.grankinigor.github-trends";
				PRODUCT_NAME = "$(TARGET_NAME)";
				SWIFT_VERSION = 5.0;
				TARGETED_DEVICE_FAMILY = "1,2";
			};
			name = Debug;
		};
		846DB83624B1C35900FBE9EA /* Release */ = {
			isa = XCBuildConfiguration;
			baseConfigurationReference = 30D24E6B5D395CA52AB9D2AD /* Pods-github trends.release.xcconfig */;
			buildSettings = {
				ASSETCATALOG_COMPILER_APPICON_NAME = AppIcon;
				CODE_SIGN_STYLE = Automatic;
				DEVELOPMENT_TEAM = VK395NXJ86;
				INFOPLIST_FILE = "github trends/Info.plist";
				IPHONEOS_DEPLOYMENT_TARGET = 13.0;
				LD_RUNPATH_SEARCH_PATHS = (
					"$(inherited)",
					"@executable_path/Frameworks",
				);
				PRODUCT_BUNDLE_IDENTIFIER = "com.grankinigor.github-trends";
				PRODUCT_NAME = "$(TARGET_NAME)";
				SWIFT_VERSION = 5.0;
				TARGETED_DEVICE_FAMILY = "1,2";
			};
			name = Release;
		};
		846DB83824B1C35900FBE9EA /* Debug */ = {
			isa = XCBuildConfiguration;
			baseConfigurationReference = BC71A1757C11A50DD269212A /* Pods-github trendsTests.debug.xcconfig */;
			buildSettings = {
				ALWAYS_EMBED_SWIFT_STANDARD_LIBRARIES = YES;
				BUNDLE_LOADER = "$(TEST_HOST)";
				CODE_SIGN_STYLE = Automatic;
				DEVELOPMENT_TEAM = VK395NXJ86;
				INFOPLIST_FILE = "github trendsTests/Info.plist";
				IPHONEOS_DEPLOYMENT_TARGET = 13.2;
				LD_RUNPATH_SEARCH_PATHS = (
					"$(inherited)",
					"@executable_path/Frameworks",
					"@loader_path/Frameworks",
				);
				PRODUCT_BUNDLE_IDENTIFIER = "com.grankinigor.github-trendsTests";
				PRODUCT_NAME = "$(TARGET_NAME)";
				SWIFT_VERSION = 5.0;
				TARGETED_DEVICE_FAMILY = "1,2";
				TEST_HOST = "$(BUILT_PRODUCTS_DIR)/github trends.app/github trends";
			};
			name = Debug;
		};
		846DB83924B1C35900FBE9EA /* Release */ = {
			isa = XCBuildConfiguration;
			baseConfigurationReference = 5EE731ADBC2ECA2BB2C5A9D3 /* Pods-github trendsTests.release.xcconfig */;
			buildSettings = {
				ALWAYS_EMBED_SWIFT_STANDARD_LIBRARIES = YES;
				BUNDLE_LOADER = "$(TEST_HOST)";
				CODE_SIGN_STYLE = Automatic;
				DEVELOPMENT_TEAM = VK395NXJ86;
				INFOPLIST_FILE = "github trendsTests/Info.plist";
				IPHONEOS_DEPLOYMENT_TARGET = 13.2;
				LD_RUNPATH_SEARCH_PATHS = (
					"$(inherited)",
					"@executable_path/Frameworks",
					"@loader_path/Frameworks",
				);
				PRODUCT_BUNDLE_IDENTIFIER = "com.grankinigor.github-trendsTests";
				PRODUCT_NAME = "$(TARGET_NAME)";
				SWIFT_VERSION = 5.0;
				TARGETED_DEVICE_FAMILY = "1,2";
				TEST_HOST = "$(BUILT_PRODUCTS_DIR)/github trends.app/github trends";
			};
			name = Release;
		};
/* End XCBuildConfiguration section */

/* Begin XCConfigurationList section */
		846DB80D24B1C35700FBE9EA /* Build configuration list for PBXProject "github trends" */ = {
			isa = XCConfigurationList;
			buildConfigurations = (
				846DB83224B1C35900FBE9EA /* Debug */,
				846DB83324B1C35900FBE9EA /* Release */,
			);
			defaultConfigurationIsVisible = 0;
			defaultConfigurationName = Release;
		};
		846DB83424B1C35900FBE9EA /* Build configuration list for PBXNativeTarget "github trends" */ = {
			isa = XCConfigurationList;
			buildConfigurations = (
				846DB83524B1C35900FBE9EA /* Debug */,
				846DB83624B1C35900FBE9EA /* Release */,
			);
			defaultConfigurationIsVisible = 0;
			defaultConfigurationName = Release;
		};
		846DB83724B1C35900FBE9EA /* Build configuration list for PBXNativeTarget "github trendsTests" */ = {
			isa = XCConfigurationList;
			buildConfigurations = (
				846DB83824B1C35900FBE9EA /* Debug */,
				846DB83924B1C35900FBE9EA /* Release */,
			);
			defaultConfigurationIsVisible = 0;
			defaultConfigurationName = Release;
		};
/* End XCConfigurationList section */
	};
	rootObject = 846DB80A24B1C35700FBE9EA /* Project object */;
}
